{
  "object": {
    "pins": [
      {
        "package": "CryptoSwift",
        "repositoryURL": "https://github.com/krzyzanowskim/CryptoSwift.git",
        "state": {
          "branch": null,
          "revision": "39f08ac5269361a50c08ce1e2f41989bfc4b1ec8",
          "version": "1.3.1"
        }
      },
      {
        "package": "PokerNowKit",
        "repositoryURL": "https://github.com/pj4533/PokerNowKit",
        "state": {
          "branch": null,
          "revision": "cd2cf419601bde0bb84e9ee55b1ecb7478cf5bd2",
          "version": "0.0.9"
        }
      },
      {
        "package": "swift-argument-parser",
        "repositoryURL": "https://github.com/apple/swift-argument-parser",
        "state": {
          "branch": null,
          "revision": "223d62adc52d51669ae2ee19bdb8b7d9fd6fcd9c",
          "version": "0.0.6"
        }
      },
      {
        "package": "SwiftCSV",
        "repositoryURL": "https://github.com/swiftcsv/SwiftCSV",
        "state": {
          "branch": null,
          "revision": "8ae14758a2019fd55dc6f9b6ecbbe246bcef179f",
          "version": "0.5.6"
        }
      }
    ]
  },
  "version": 1
}
