{
  "object": {
    "pins": [
      {
        "package": "PokerNowKit",
        "repositoryURL": "https://github.com/pj4533/PokerNowKit",
        "state": {
          "branch": null,
          "revision": "fc6251be62ddf50b21cff6783c0c083ba27d1ff0",
          "version": "0.0.4"
        }
      },
      {
        "package": "swift-argument-parser",
        "repositoryURL": "https://github.com/apple/swift-argument-parser",
        "state": {
          "branch": null,
          "revision": "223d62adc52d51669ae2ee19bdb8b7d9fd6fcd9c",
          "version": "0.0.6"
        }
      },
      {
        "package": "SwiftCSV",
        "repositoryURL": "https://github.com/swiftcsv/SwiftCSV",
        "state": {
          "branch": null,
          "revision": "8ae14758a2019fd55dc6f9b6ecbbe246bcef179f",
          "version": "0.5.6"
        }
      }
    ]
  },
  "version": 1
}
